{
  "name": "project",
  "version": "1.0.0",
  "lockfileVersion": 1,
  "requires": true,
  "dependencies": {
    "nvdinh-hello185": {
      "version": "1.0.2",
      "resolved": "https://registry.npmjs.org/nvdinh-hello185/-/nvdinh-hello185-1.0.2.tgz",
      "integrity": "sha512-rdsoqcHnWq8BDCjkF7Ey0sTpeBUrpGpkl018g+Q4fyvFd1jNOaq5iAUc9hvY0cF9XfAZW1of61XXIhBkvQHYNQ=="
    }
  }
}
